
Microsoft Visual Studio Solution File, Format Version 12.00
# Visual Studio 14
VisualStudioVersion = 14.0.23107.0
MinimumVisualStudioVersion = 10.0.40219.1
Project("{FAE04EC0-301F-11D3-BF4B-00C04F79EFBC}") = "Blog", "Blog\Blog.csproj", "{A50A3ADA-0D1F-48F5-A59C-3368087F226C}"
EndProject
Global
	GlobalSection(SolutionConfigurationPlatforms) = preSolution
		Debug|Any CPU = Debug|Any CPU
		Release|Any CPU = Release|Any CPU
	EndGlobalSection
	GlobalSection(ProjectConfigurationPlatforms) = postSolution
		{A50A3ADA-0D1F-48F5-A59C-3368087F226C}.Debug|Any CPU.ActiveCfg = Debug|Any CPU
		{A50A3ADA-0D1F-48F5-A59C-3368087F226C}.Debug|Any CPU.Build.0 = Debug|Any CPU
		{A50A3ADA-0D1F-48F5-A59C-3368087F226C}.Release|Any CPU.ActiveCfg = Release|Any CPU
		{A50A3ADA-0D1F-48F5-A59C-3368087F226C}.Release|Any CPU.Build.0 = Release|Any CPU
	EndGlobalSection
	GlobalSection(SolutionProperties) = preSolution
		HideSolutionNode = FALSE
	EndGlobalSection
EndGlobal
